
Microsoft Visual Studio Solution File, Format Version 12.00
# Visual Studio 14
VisualStudioVersion = 14.0.25420.1
MinimumVisualStudioVersion = 10.0.40219.1
Project("{FAE04EC0-301F-11D3-BF4B-00C04F79EFBC}") = "CalendarApp", "CalendarApp\CalendarApp.csproj", "{CD206069-DEE2-4F30-81E8-53007508FEE0}"
EndProject
Project("{FAE04EC0-301F-11D3-BF4B-00C04F79EFBC}") = "CalendarApp.Data", "CalendarApp.Data\CalendarApp.Data.csproj", "{7BFBD749-B5D2-4E4A-8591-320E8E579BF6}"
EndProject
Project("{2150E333-8FDC-42A3-9474-1A3956D46DE8}") = ".nuget", ".nuget", "{4B366F42-879D-4729-A499-5AA050EC8B1A}"
	ProjectSection(SolutionItems) = preProject
		.nuget\NuGet.Config = .nuget\NuGet.Config
		.nuget\NuGet.exe = .nuget\NuGet.exe
		.nuget\NuGet.targets = .nuget\NuGet.targets
	EndProjectSection
EndProject
Global
	GlobalSection(SolutionConfigurationPlatforms) = preSolution
		Debug|Any CPU = Debug|Any CPU
		Release|Any CPU = Release|Any CPU
	EndGlobalSection
	GlobalSection(ProjectConfigurationPlatforms) = postSolution
		{CD206069-DEE2-4F30-81E8-53007508FEE0}.Debug|Any CPU.ActiveCfg = Debug|Any CPU
		{CD206069-DEE2-4F30-81E8-53007508FEE0}.Debug|Any CPU.Build.0 = Debug|Any CPU
		{CD206069-DEE2-4F30-81E8-53007508FEE0}.Release|Any CPU.ActiveCfg = Release|Any CPU
		{CD206069-DEE2-4F30-81E8-53007508FEE0}.Release|Any CPU.Build.0 = Release|Any CPU
		{7BFBD749-B5D2-4E4A-8591-320E8E579BF6}.Debug|Any CPU.ActiveCfg = Debug|Any CPU
		{7BFBD749-B5D2-4E4A-8591-320E8E579BF6}.Debug|Any CPU.Build.0 = Debug|Any CPU
		{7BFBD749-B5D2-4E4A-8591-320E8E579BF6}.Release|Any CPU.ActiveCfg = Release|Any CPU
		{7BFBD749-B5D2-4E4A-8591-320E8E579BF6}.Release|Any CPU.Build.0 = Release|Any CPU
	EndGlobalSection
	GlobalSection(SolutionProperties) = preSolution
		HideSolutionNode = FALSE
	EndGlobalSection
	GlobalSection(TeamFoundationVersionControl) = preSolution
		SccNumberOfProjects = 1
		SccEnterpriseProvider = {4CA58AB2-18FA-4F8D-95D4-32DDF27D184C}
		SccTeamFoundationServer = http://sabiocode.cloudapp.net:8080/tfs/sabiocollection
		SccProjectUniqueName0 = CalendarApp.Data\\CalendarApp.Data.csproj
		SccProjectName0 = CalendarApp.Data
		SccAuxPath0 = http://sabiocode.cloudapp.net:8080/tfs/sabiocollection
		SccLocalPath0 = CalendarApp.Data
		SccProvider0 = {4CA58AB2-18FA-4F8D-95D4-32DDF27D184C}
	EndGlobalSection
EndGlobal
